
Microsoft Visual Studio Solution File, Format Version 12.00
# Visual Studio Version 16
VisualStudioVersion = 16.0.31025.194
MinimumVisualStudioVersion = 10.0.40219.1
Project("{FAE04EC0-301F-11D3-BF4B-00C04F79EFBC}") = "TipCalculator", "TipCalculator\TipCalculator.csproj", "{01534365-3E08-4B86-ADCC-4CF65F938F12}"
EndProject
Global
	GlobalSection(SolutionConfigurationPlatforms) = preSolution
		Debug|Any CPU = Debug|Any CPU
		Release|Any CPU = Release|Any CPU
	EndGlobalSection
	GlobalSection(ProjectConfigurationPlatforms) = postSolution
		{01534365-3E08-4B86-ADCC-4CF65F938F12}.Debug|Any CPU.ActiveCfg = Debug|Any CPU
		{01534365-3E08-4B86-ADCC-4CF65F938F12}.Debug|Any CPU.Build.0 = Debug|Any CPU
		{01534365-3E08-4B86-ADCC-4CF65F938F12}.Debug|Any CPU.Deploy.0 = Debug|Any CPU
		{01534365-3E08-4B86-ADCC-4CF65F938F12}.Release|Any CPU.ActiveCfg = Release|Any CPU
		{01534365-3E08-4B86-ADCC-4CF65F938F12}.Release|Any CPU.Build.0 = Release|Any CPU
		{01534365-3E08-4B86-ADCC-4CF65F938F12}.Release|Any CPU.Deploy.0 = Release|Any CPU
	EndGlobalSection
	GlobalSection(SolutionProperties) = preSolution
		HideSolutionNode = FALSE
	EndGlobalSection
	GlobalSection(ExtensibilityGlobals) = postSolution
		SolutionGuid = {5E1E6EFA-E5A9-4592-AE32-34DA447A00D2}
	EndGlobalSection
EndGlobal
